
Microsoft Visual Studio Solution File, Format Version 12.00
# Visual Studio Version 16
VisualStudioVersion = 16.0.28803.202
MinimumVisualStudioVersion = 10.0.40219.1
Project("{FAE04EC0-301F-11D3-BF4B-00C04F79EFBC}") = "XamShell.Android", "XamShell\XamShell.Android\XamShell.Android.csproj", "{AA3FD6B8-B915-43D3-8527-5D9FBB5CD9AD}"
EndProject
Project("{FAE04EC0-301F-11D3-BF4B-00C04F79EFBC}") = "XamShell.iOS", "XamShell\XamShell.iOS\XamShell.iOS.csproj", "{E1188BAB-9E55-44BA-81B8-D7B08E4F0108}"
EndProject
Project("{FAE04EC0-301F-11D3-BF4B-00C04F79EFBC}") = "XamShell.MobileAppService", "XamShell\XamShell.MobileAppService\XamShell.MobileAppService.csproj", "{479F4FBD-C03A-479F-8DED-34DFE9F6335D}"
EndProject
Project("{FAE04EC0-301F-11D3-BF4B-00C04F79EFBC}") = "XamShell", "XamShell\XamShell\XamShell.csproj", "{3EB15EA8-56EC-4670-98AC-3EA7D045C4A1}"
EndProject
Global
	GlobalSection(SolutionConfigurationPlatforms) = preSolution
		Debug|Any CPU = Debug|Any CPU
		Debug|iPhone = Debug|iPhone
		Debug|iPhoneSimulator = Debug|iPhoneSimulator
		Release|Any CPU = Release|Any CPU
		Release|iPhone = Release|iPhone
		Release|iPhoneSimulator = Release|iPhoneSimulator
	EndGlobalSection
	GlobalSection(ProjectConfigurationPlatforms) = postSolution
		{AA3FD6B8-B915-43D3-8527-5D9FBB5CD9AD}.Debug|Any CPU.ActiveCfg = Debug|Any CPU
		{AA3FD6B8-B915-43D3-8527-5D9FBB5CD9AD}.Debug|Any CPU.Build.0 = Debug|Any CPU
		{AA3FD6B8-B915-43D3-8527-5D9FBB5CD9AD}.Debug|Any CPU.Deploy.0 = Debug|Any CPU
		{AA3FD6B8-B915-43D3-8527-5D9FBB5CD9AD}.Debug|iPhone.ActiveCfg = Debug|Any CPU
		{AA3FD6B8-B915-43D3-8527-5D9FBB5CD9AD}.Debug|iPhone.Build.0 = Debug|Any CPU
		{AA3FD6B8-B915-43D3-8527-5D9FBB5CD9AD}.Debug|iPhone.Deploy.0 = Debug|Any CPU
		{AA3FD6B8-B915-43D3-8527-5D9FBB5CD9AD}.Debug|iPhoneSimulator.ActiveCfg = Debug|Any CPU
		{AA3FD6B8-B915-43D3-8527-5D9FBB5CD9AD}.Debug|iPhoneSimulator.Build.0 = Debug|Any CPU
		{AA3FD6B8-B915-43D3-8527-5D9FBB5CD9AD}.Debug|iPhoneSimulator.Deploy.0 = Debug|Any CPU
		{AA3FD6B8-B915-43D3-8527-5D9FBB5CD9AD}.Release|Any CPU.ActiveCfg = Release|Any CPU
		{AA3FD6B8-B915-43D3-8527-5D9FBB5CD9AD}.Release|Any CPU.Build.0 = Release|Any CPU
		{AA3FD6B8-B915-43D3-8527-5D9FBB5CD9AD}.Release|Any CPU.Deploy.0 = Release|Any CPU
		{AA3FD6B8-B915-43D3-8527-5D9FBB5CD9AD}.Release|iPhone.ActiveCfg = Release|Any CPU
		{AA3FD6B8-B915-43D3-8527-5D9FBB5CD9AD}.Release|iPhone.Build.0 = Release|Any CPU
		{AA3FD6B8-B915-43D3-8527-5D9FBB5CD9AD}.Release|iPhone.Deploy.0 = Release|Any CPU
		{AA3FD6B8-B915-43D3-8527-5D9FBB5CD9AD}.Release|iPhoneSimulator.ActiveCfg = Release|Any CPU
		{AA3FD6B8-B915-43D3-8527-5D9FBB5CD9AD}.Release|iPhoneSimulator.Build.0 = Release|Any CPU
		{AA3FD6B8-B915-43D3-8527-5D9FBB5CD9AD}.Release|iPhoneSimulator.Deploy.0 = Release|Any CPU
		{E1188BAB-9E55-44BA-81B8-D7B08E4F0108}.Debug|Any CPU.ActiveCfg = Debug|iPhoneSimulator
		{E1188BAB-9E55-44BA-81B8-D7B08E4F0108}.Debug|Any CPU.Build.0 = Debug|iPhoneSimulator
		{E1188BAB-9E55-44BA-81B8-D7B08E4F0108}.Debug|Any CPU.Deploy.0 = Debug|iPhoneSimulator
		{E1188BAB-9E55-44BA-81B8-D7B08E4F0108}.Debug|iPhone.ActiveCfg = Debug|iPhone
		{E1188BAB-9E55-44BA-81B8-D7B08E4F0108}.Debug|iPhone.Build.0 = Debug|iPhone
		{E1188BAB-9E55-44BA-81B8-D7B08E4F0108}.Debug|iPhone.Deploy.0 = Debug|iPhone
		{E1188BAB-9E55-44BA-81B8-D7B08E4F0108}.Debug|iPhoneSimulator.ActiveCfg = Debug|iPhoneSimulator
		{E1188BAB-9E55-44BA-81B8-D7B08E4F0108}.Debug|iPhoneSimulator.Build.0 = Debug|iPhoneSimulator
		{E1188BAB-9E55-44BA-81B8-D7B08E4F0108}.Debug|iPhoneSimulator.Deploy.0 = Debug|iPhoneSimulator
		{E1188BAB-9E55-44BA-81B8-D7B08E4F0108}.Release|Any CPU.ActiveCfg = Release|iPhone
		{E1188BAB-9E55-44BA-81B8-D7B08E4F0108}.Release|Any CPU.Build.0 = Release|iPhone
		{E1188BAB-9E55-44BA-81B8-D7B08E4F0108}.Release|Any CPU.Deploy.0 = Release|iPhone
		{E1188BAB-9E55-44BA-81B8-D7B08E4F0108}.Release|iPhone.ActiveCfg = Release|iPhone
		{E1188BAB-9E55-44BA-81B8-D7B08E4F0108}.Release|iPhone.Build.0 = Release|iPhone
		{E1188BAB-9E55-44BA-81B8-D7B08E4F0108}.Release|iPhone.Deploy.0 = Release|iPhone
		{E1188BAB-9E55-44BA-81B8-D7B08E4F0108}.Release|iPhoneSimulator.ActiveCfg = Release|iPhoneSimulator
		{E1188BAB-9E55-44BA-81B8-D7B08E4F0108}.Release|iPhoneSimulator.Build.0 = Release|iPhoneSimulator
		{E1188BAB-9E55-44BA-81B8-D7B08E4F0108}.Release|iPhoneSimulator.Deploy.0 = Release|iPhoneSimulator
		{479F4FBD-C03A-479F-8DED-34DFE9F6335D}.Debug|Any CPU.ActiveCfg = Debug|Any CPU
		{479F4FBD-C03A-479F-8DED-34DFE9F6335D}.Debug|Any CPU.Build.0 = Debug|Any CPU
		{479F4FBD-C03A-479F-8DED-34DFE9F6335D}.Debug|Any CPU.Deploy.0 = Debug|Any CPU
		{479F4FBD-C03A-479F-8DED-34DFE9F6335D}.Debug|iPhone.ActiveCfg = Debug|Any CPU
		{479F4FBD-C03A-479F-8DED-34DFE9F6335D}.Debug|iPhone.Build.0 = Debug|Any CPU
		{479F4FBD-C03A-479F-8DED-34DFE9F6335D}.Debug|iPhone.Deploy.0 = Debug|Any CPU
		{479F4FBD-C03A-479F-8DED-34DFE9F6335D}.Debug|iPhoneSimulator.ActiveCfg = Debug|Any CPU
		{479F4FBD-C03A-479F-8DED-34DFE9F6335D}.Debug|iPhoneSimulator.Build.0 = Debug|Any CPU
		{479F4FBD-C03A-479F-8DED-34DFE9F6335D}.Debug|iPhoneSimulator.Deploy.0 = Debug|Any CPU
		{479F4FBD-C03A-479F-8DED-34DFE9F6335D}.Release|Any CPU.ActiveCfg = Release|Any CPU
		{479F4FBD-C03A-479F-8DED-34DFE9F6335D}.Release|Any CPU.Build.0 = Release|Any CPU
		{479F4FBD-C03A-479F-8DED-34DFE9F6335D}.Release|Any CPU.Deploy.0 = Release|Any CPU
		{479F4FBD-C03A-479F-8DED-34DFE9F6335D}.Release|iPhone.ActiveCfg = Release|Any CPU
		{479F4FBD-C03A-479F-8DED-34DFE9F6335D}.Release|iPhone.Build.0 = Release|Any CPU
		{479F4FBD-C03A-479F-8DED-34DFE9F6335D}.Release|iPhone.Deploy.0 = Release|Any CPU
		{479F4FBD-C03A-479F-8DED-34DFE9F6335D}.Release|iPhoneSimulator.ActiveCfg = Release|Any CPU
		{479F4FBD-C03A-479F-8DED-34DFE9F6335D}.Release|iPhoneSimulator.Build.0 = Release|Any CPU
		{479F4FBD-C03A-479F-8DED-34DFE9F6335D}.Release|iPhoneSimulator.Deploy.0 = Release|Any CPU
		{3EB15EA8-56EC-4670-98AC-3EA7D045C4A1}.Debug|Any CPU.ActiveCfg = Debug|Any CPU
		{3EB15EA8-56EC-4670-98AC-3EA7D045C4A1}.Debug|Any CPU.Build.0 = Debug|Any CPU
		{3EB15EA8-56EC-4670-98AC-3EA7D045C4A1}.Debug|Any CPU.Deploy.0 = Debug|Any CPU
		{3EB15EA8-56EC-4670-98AC-3EA7D045C4A1}.Debug|iPhone.ActiveCfg = Debug|Any CPU
		{3EB15EA8-56EC-4670-98AC-3EA7D045C4A1}.Debug|iPhone.Build.0 = Debug|Any CPU
		{3EB15EA8-56EC-4670-98AC-3EA7D045C4A1}.Debug|iPhone.Deploy.0 = Debug|Any CPU
		{3EB15EA8-56EC-4670-98AC-3EA7D045C4A1}.Debug|iPhoneSimulator.ActiveCfg = Debug|Any CPU
		{3EB15EA8-56EC-4670-98AC-3EA7D045C4A1}.Debug|iPhoneSimulator.Build.0 = Debug|Any CPU
		{3EB15EA8-56EC-4670-98AC-3EA7D045C4A1}.Debug|iPhoneSimulator.Deploy.0 = Debug|Any CPU
		{3EB15EA8-56EC-4670-98AC-3EA7D045C4A1}.Release|Any CPU.ActiveCfg = Release|Any CPU
		{3EB15EA8-56EC-4670-98AC-3EA7D045C4A1}.Release|Any CPU.Build.0 = Release|Any CPU
		{3EB15EA8-56EC-4670-98AC-3EA7D045C4A1}.Release|Any CPU.Deploy.0 = Release|Any CPU
		{3EB15EA8-56EC-4670-98AC-3EA7D045C4A1}.Release|iPhone.ActiveCfg = Release|Any CPU
		{3EB15EA8-56EC-4670-98AC-3EA7D045C4A1}.Release|iPhone.Build.0 = Release|Any CPU
		{3EB15EA8-56EC-4670-98AC-3EA7D045C4A1}.Release|iPhone.Deploy.0 = Release|Any CPU
		{3EB15EA8-56EC-4670-98AC-3EA7D045C4A1}.Release|iPhoneSimulator.ActiveCfg = Release|Any CPU
		{3EB15EA8-56EC-4670-98AC-3EA7D045C4A1}.Release|iPhoneSimulator.Build.0 = Release|Any CPU
		{3EB15EA8-56EC-4670-98AC-3EA7D045C4A1}.Release|iPhoneSimulator.Deploy.0 = Release|Any CPU
	EndGlobalSection
	GlobalSection(SolutionProperties) = preSolution
		HideSolutionNode = FALSE
	EndGlobalSection
	GlobalSection(ExtensibilityGlobals) = postSolution
		SolutionGuid = {E0DE9EB2-5C02-4F98-8F84-432F5D2469C5}
	EndGlobalSection
EndGlobal
